{
  "version": 4,
  "terraform_version": "1.7.5",
  "serial": 279,
  "lineage": "639bd95c-a6d0-8423-cca3-979e88e2feb8",
  "outputs": {},
  "resources": [
    {
      "mode": "data",
      "type": "aws_availability_zones",
      "name": "available",
      "provider": "provider[\"registry.terraform.io/hashicorp/aws\"]",
      "instances": [
        {
          "schema_version": 0,
          "attributes": {
            "all_availability_zones": null,
            "exclude_names": null,
            "exclude_zone_ids": null,
            "filter": null,
            "group_names": [
              "eu-west-1"
            ],
            "id": "eu-west-1",
            "names": [
              "eu-west-1a",
              "eu-west-1b",
              "eu-west-1c"
            ],
            "state": null,
            "timeouts": null,
            "zone_ids": [
              "euw1-az3",
              "euw1-az1",
              "euw1-az2"
            ]
          },
          "sensitive_attributes": []
        }
      ]
    },
    {
      "mode": "data",
      "type": "aws_iam_policy_document",
      "name": "assume_role",
      "provider": "provider[\"registry.terraform.io/hashicorp/aws\"]",
      "instances": [
        {
          "schema_version": 0,
          "attributes": {
            "id": "2717921857",
            "json": "{\n  \"Version\": \"2012-10-17\",\n  \"Statement\": [\n    {\n      \"Effect\": \"Allow\",\n      \"Action\": \"sts:AssumeRole\",\n      \"Principal\": {\n        \"Service\": \"vpc-flow-logs.amazonaws.com\"\n      }\n    }\n  ]\n}",
            "override_json": null,
            "override_policy_documents": null,
            "policy_id": null,
            "source_json": null,
            "source_policy_documents": null,
            "statement": [
              {
                "actions": [
                  "sts:AssumeRole"
                ],
                "condition": [],
                "effect": "Allow",
                "not_actions": [],
                "not_principals": [],
                "not_resources": [],
                "principals": [
                  {
                    "identifiers": [
                      "vpc-flow-logs.amazonaws.com"
                    ],
                    "type": "Service"
                  }
                ],
                "resources": [],
                "sid": ""
              }
            ],
            "version": "2012-10-17"
          },
          "sensitive_attributes": []
        }
      ]
    },
    {
      "mode": "data",
      "type": "aws_iam_policy_document",
      "name": "example",
      "provider": "provider[\"registry.terraform.io/hashicorp/aws\"]",
      "instances": [
        {
          "schema_version": 0,
          "attributes": {
            "id": "3253318109",
            "json": "{\n  \"Version\": \"2012-10-17\",\n  \"Statement\": [\n    {\n      \"Effect\": \"Allow\",\n      \"Action\": [\n        \"logs:PutLogEvents\",\n        \"logs:DescribeLogStreams\",\n        \"logs:DescribeLogGroups\",\n        \"logs:CreateLogStream\",\n        \"logs:CreateLogGroup\"\n      ],\n      \"Resource\": \"*\"\n    }\n  ]\n}",
            "override_json": null,
            "override_policy_documents": null,
            "policy_id": null,
            "source_json": null,
            "source_policy_documents": null,
            "statement": [
              {
                "actions": [
                  "logs:CreateLogGroup",
                  "logs:CreateLogStream",
                  "logs:DescribeLogGroups",
                  "logs:DescribeLogStreams",
                  "logs:PutLogEvents"
                ],
                "condition": [],
                "effect": "Allow",
                "not_actions": [],
                "not_principals": [],
                "not_resources": [],
                "principals": [],
                "resources": [
                  "*"
                ],
                "sid": ""
              }
            ],
            "version": "2012-10-17"
          },
          "sensitive_attributes": []
        }
      ]
    },
    {
      "mode": "managed",
      "type": "aws_cloudwatch_log_group",
      "name": "example",
      "provider": "provider[\"registry.terraform.io/hashicorp/aws\"]",
      "instances": [
        {
          "schema_version": 0,
          "attributes": {
            "arn": "arn:aws:logs:eu-west-1:325350732332:log-group:VPC_Traffic",
            "id": "VPC_Traffic",
            "kms_key_id": "",
            "log_group_class": "STANDARD",
            "name": "VPC_Traffic",
            "name_prefix": "",
            "retention_in_days": 0,
            "skip_destroy": false,
            "tags": null,
            "tags_all": {}
          },
          "sensitive_attributes": [],
          "private": "bnVsbA=="
        }
      ]
    },
    {
      "mode": "managed",
      "type": "aws_customer_gateway",
      "name": "sophos",
      "provider": "provider[\"registry.terraform.io/hashicorp/aws\"]",
      "instances": [
        {
          "schema_version": 0,
          "attributes": {
            "arn": "arn:aws:ec2:eu-west-1:325350732332:customer-gateway/cgw-08427af66460c7c0e",
            "bgp_asn": "65001",
            "certificate_arn": "",
            "device_name": "",
            "id": "cgw-08427af66460c7c0e",
            "ip_address": "82.66.170.70",
            "tags": {
              "Name": "VPN_Custumer_Gateway_Sophos"
            },
            "tags_all": {
              "Name": "VPN_Custumer_Gateway_Sophos"
            },
            "type": "ipsec.1"
          },
          "sensitive_attributes": [],
          "private": "bnVsbA=="
        }
      ]
    },
    {
      "mode": "managed",
      "type": "aws_ec2_transit_gateway",
      "name": "main",
      "provider": "provider[\"registry.terraform.io/hashicorp/aws\"]",
      "instances": [
        {
          "schema_version": 0,
          "attributes": {
            "amazon_side_asn": 64512,
            "arn": "arn:aws:ec2:eu-west-1:325350732332:transit-gateway/tgw-010f3df7db7661f29",
            "association_default_route_table_id": "tgw-rtb-08d63d78bbe58cf09",
            "auto_accept_shared_attachments": "disable",
            "default_route_table_association": "enable",
            "default_route_table_propagation": "enable",
            "description": "vpn",
            "dns_support": "enable",
            "id": "tgw-010f3df7db7661f29",
            "multicast_support": "disable",
            "owner_id": "325350732332",
            "propagation_default_route_table_id": "tgw-rtb-08d63d78bbe58cf09",
            "tags": {
              "Name": "vpn-tgw"
            },
            "tags_all": {
              "Name": "vpn-tgw"
            },
            "timeouts": null,
            "transit_gateway_cidr_blocks": [],
            "vpn_ecmp_support": "enable"
          },
          "sensitive_attributes": [],
          "private": "eyJlMmJmYjczMC1lY2FhLTExZTYtOGY4OC0zNDM2M2JjN2M0YzAiOnsiY3JlYXRlIjo2MDAwMDAwMDAwMDAsImRlbGV0ZSI6NjAwMDAwMDAwMDAwLCJ1cGRhdGUiOjYwMDAwMDAwMDAwMH19"
        }
      ]
    },
    {
      "mode": "managed",
      "type": "aws_ec2_transit_gateway_route",
      "name": "onprem",
      "provider": "provider[\"registry.terraform.io/hashicorp/aws\"]",
      "instances": [
        {
          "schema_version": 0,
          "attributes": {
            "blackhole": false,
            "destination_cidr_block": "192.168.0.0/24",
            "id": "tgw-rtb-08d63d78bbe58cf09_192.168.0.0/24",
            "transit_gateway_attachment_id": "tgw-attach-01bc3e3a81ddf4f19",
            "transit_gateway_route_table_id": "tgw-rtb-08d63d78bbe58cf09"
          },
          "sensitive_attributes": [],
          "private": "bnVsbA==",
          "dependencies": [
            "aws_customer_gateway.sophos",
            "aws_ec2_transit_gateway.main",
            "aws_ec2_transit_gateway_route_table.vpn",
            "aws_vpn_connection.vpn"
          ]
        }
      ]
    },
    {
      "mode": "managed",
      "type": "aws_ec2_transit_gateway_route_table",
      "name": "vpn",
      "provider": "provider[\"registry.terraform.io/hashicorp/aws\"]",
      "instances": [
        {
          "schema_version": 0,
          "attributes": {
            "arn": "arn:aws:ec2:eu-west-1:325350732332:transit-gateway-route-table/tgw-rtb-052394b2026b16e83",
            "default_association_route_table": false,
            "default_propagation_route_table": false,
            "id": "tgw-rtb-052394b2026b16e83",
            "tags": {},
            "tags_all": {},
            "transit_gateway_id": "tgw-010f3df7db7661f29"
          },
          "sensitive_attributes": [],
          "private": "bnVsbA==",
          "dependencies": [
            "aws_ec2_transit_gateway.main"
          ]
        }
      ]
    },
    {
      "mode": "managed",
      "type": "aws_ec2_transit_gateway_vpc_attachment",
      "name": "main",
      "provider": "provider[\"registry.terraform.io/hashicorp/aws\"]",
      "instances": [
        {
          "schema_version": 0,
          "attributes": {
            "appliance_mode_support": "disable",
            "dns_support": "enable",
            "id": "tgw-attach-0c7c1fc9ba6c33c58",
            "ipv6_support": "disable",
            "subnet_ids": [
              "subnet-002745b93a1508d71",
              "subnet-0b810e92b65e1c65e",
              "subnet-0dacb9f29e9d51958"
            ],
            "tags": {},
            "tags_all": {},
            "transit_gateway_default_route_table_association": true,
            "transit_gateway_default_route_table_propagation": true,
            "transit_gateway_id": "tgw-010f3df7db7661f29",
            "vpc_id": "vpc-05910391a26cc1a22",
            "vpc_owner_id": "325350732332"
          },
          "sensitive_attributes": [],
          "private": "bnVsbA==",
          "dependencies": [
            "aws_ec2_transit_gateway.main",
            "aws_subnet.public",
            "aws_vpc.main",
            "data.aws_availability_zones.available"
          ]
        }
      ]
    },
    {
      "mode": "managed",
      "type": "aws_eip",
      "name": "ip-ngw",
      "provider": "provider[\"registry.terraform.io/hashicorp/aws\"]",
      "instances": [
        {
          "schema_version": 0,
          "attributes": {
            "address": null,
            "allocation_id": "eipalloc-0b1830706cbd5f1d5",
            "associate_with_private_ip": null,
            "association_id": "eipassoc-08b50f3f2065207e4",
            "carrier_ip": "",
            "customer_owned_ip": "",
            "customer_owned_ipv4_pool": "",
            "domain": "vpc",
            "id": "eipalloc-0b1830706cbd5f1d5",
            "instance": "",
            "network_border_group": "eu-west-1",
            "network_interface": "eni-0cd60be89a01b70b8",
            "private_dns": "ip-10-0-10-20.eu-west-1.compute.internal",
            "private_ip": "10.0.10.20",
            "public_dns": "ec2-63-34-168-50.eu-west-1.compute.amazonaws.com",
            "public_ip": "63.34.168.50",
            "public_ipv4_pool": "amazon",
            "tags": {},
            "tags_all": {},
            "timeouts": null,
            "vpc": true
          },
          "sensitive_attributes": [],
          "private": "eyJlMmJmYjczMC1lY2FhLTExZTYtOGY4OC0zNDM2M2JjN2M0YzAiOnsiZGVsZXRlIjoxODAwMDAwMDAwMDAsInJlYWQiOjkwMDAwMDAwMDAwMCwidXBkYXRlIjozMDAwMDAwMDAwMDB9fQ=="
        }
      ]
    },
    {
      "mode": "managed",
      "type": "aws_flow_log",
      "name": "example",
      "provider": "provider[\"registry.terraform.io/hashicorp/aws\"]",
      "instances": [
        {
          "schema_version": 0,
          "attributes": {
            "arn": "arn:aws:ec2:eu-west-1:325350732332:vpc-flow-log/fl-0dc47cc94a2cab7a3",
            "deliver_cross_account_role": "",
            "destination_options": [],
            "eni_id": null,
            "iam_role_arn": "arn:aws:iam::325350732332:role/flow-logs-role",
            "id": "fl-0dc47cc94a2cab7a3",
            "log_destination": "arn:aws:logs:eu-west-1:325350732332:log-group:VPC_Traffic",
            "log_destination_type": "cloud-watch-logs",
            "log_format": "${version} ${account-id} ${interface-id} ${srcaddr} ${dstaddr} ${srcport} ${dstport} ${protocol} ${packets} ${bytes} ${start} ${end} ${action} ${log-status}",
            "log_group_name": "VPC_Traffic",
            "max_aggregation_interval": 600,
            "subnet_id": null,
            "tags": null,
            "tags_all": {},
            "traffic_type": "ALL",
            "transit_gateway_attachment_id": null,
            "transit_gateway_id": null,
            "vpc_id": "vpc-05910391a26cc1a22"
          },
          "sensitive_attributes": [],
          "private": "bnVsbA==",
          "dependencies": [
            "aws_cloudwatch_log_group.example",
            "aws_iam_role.example",
            "aws_vpc.main",
            "data.aws_iam_policy_document.assume_role"
          ]
        }
      ]
    },
    {
      "mode": "managed",
      "type": "aws_iam_instance_profile",
      "name": "ssm-allow",
      "provider": "provider[\"registry.terraform.io/hashicorp/aws\"]",
      "instances": [
        {
          "schema_version": 0,
          "attributes": {
            "arn": "arn:aws:iam::325350732332:instance-profile/SSM-Allow-ec2",
            "create_date": "2024-06-07T20:27:32Z",
            "id": "SSM-Allow-ec2",
            "name": "SSM-Allow-ec2",
            "name_prefix": "",
            "path": "/",
            "role": "ec2-ssm-access",
            "tags": {},
            "tags_all": {},
            "unique_id": "AIPAUXQDKGIWF2RNN2TP4"
          },
          "sensitive_attributes": [],
          "private": "bnVsbA==",
          "dependencies": [
            "aws_iam_role.ssm"
          ]
        }
      ]
    },
    {
      "mode": "managed",
      "type": "aws_iam_policy",
      "name": "ssm",
      "provider": "provider[\"registry.terraform.io/hashicorp/aws\"]",
      "instances": [
        {
          "schema_version": 0,
          "attributes": {
            "arn": "arn:aws:iam::325350732332:policy/SSMPolicy",
            "description": "",
            "id": "arn:aws:iam::325350732332:policy/SSMPolicy",
            "name": "SSMPolicy",
            "name_prefix": "",
            "path": "/",
            "policy": "{\"Statement\":[{\"Action\":[\"ssm:DescribeAssociation\",\"ssm:GetDeployablePatchSnapshotForInstance\",\"ssm:GetDocument\",\"ssm:DescribeDocument\",\"ssm:GetManifest\",\"ssm:GetParameter\",\"ssm:GetParameters\",\"ssm:ListAssociations\",\"ssm:ListInstanceAssociations\",\"ssm:PutInventory\",\"ssm:PutComplianceItems\",\"ssm:PutConfigurePackageResult\",\"ssm:UpdateAssociationStatus\",\"ssm:UpdateInstanceAssociationStatus\",\"ssm:UpdateInstanceInformation\"],\"Effect\":\"Allow\",\"Resource\":\"*\"},{\"Action\":[\"ssmmessages:CreateControlChannel\",\"ssmmessages:CreateDataChannel\",\"ssmmessages:OpenControlChannel\",\"ssmmessages:OpenDataChannel\"],\"Effect\":\"Allow\",\"Resource\":\"*\"},{\"Action\":[\"ec2messages:AcknowledgeMessage\",\"ec2messages:DeleteMessage\",\"ec2messages:FailMessage\",\"ec2messages:GetEndpoint\",\"ec2messages:GetMessages\",\"ec2messages:SendReply\"],\"Effect\":\"Allow\",\"Resource\":\"*\"}],\"Version\":\"2012-10-17\"}",
            "policy_id": "ANPAUXQDKGIWJ2C4TFBQH",
            "tags": {},
            "tags_all": {}
          },
          "sensitive_attributes": [],
          "private": "bnVsbA=="
        }
      ]
    },
    {
      "mode": "managed",
      "type": "aws_iam_policy_attachment",
      "name": "attach-ssm",
      "provider": "provider[\"registry.terraform.io/hashicorp/aws\"]",
      "instances": [
        {
          "schema_version": 0,
          "attributes": {
            "groups": [],
            "id": "Attach SSMPolicy",
            "name": "Attach SSMPolicy",
            "policy_arn": "arn:aws:iam::325350732332:policy/SSMPolicy",
            "roles": [
              "ec2-ssm-access"
            ],
            "users": []
          },
          "sensitive_attributes": [],
          "private": "bnVsbA==",
          "dependencies": [
            "aws_iam_policy.ssm",
            "aws_iam_role.ssm"
          ]
        }
      ]
    },
    {
      "mode": "managed",
      "type": "aws_iam_role",
      "name": "example",
      "provider": "provider[\"registry.terraform.io/hashicorp/aws\"]",
      "instances": [
        {
          "schema_version": 0,
          "attributes": {
            "arn": "arn:aws:iam::325350732332:role/flow-logs-role",
            "assume_role_policy": "{\"Statement\":[{\"Action\":\"sts:AssumeRole\",\"Effect\":\"Allow\",\"Principal\":{\"Service\":\"vpc-flow-logs.amazonaws.com\"}}],\"Version\":\"2012-10-17\"}",
            "create_date": "2024-06-07T20:27:31Z",
            "description": "",
            "force_detach_policies": false,
            "id": "flow-logs-role",
            "inline_policy": [
              {
                "name": "example",
                "policy": "{\"Version\":\"2012-10-17\",\"Statement\":[{\"Action\":[\"logs:PutLogEvents\",\"logs:DescribeLogStreams\",\"logs:DescribeLogGroups\",\"logs:CreateLogStream\",\"logs:CreateLogGroup\"],\"Effect\":\"Allow\",\"Resource\":\"*\"}]}"
              }
            ],
            "managed_policy_arns": [],
            "max_session_duration": 3600,
            "name": "flow-logs-role",
            "name_prefix": "",
            "path": "/",
            "permissions_boundary": "",
            "tags": {},
            "tags_all": {},
            "unique_id": "AROAUXQDKGIWJDRIPACU2"
          },
          "sensitive_attributes": [],
          "private": "bnVsbA==",
          "dependencies": [
            "data.aws_iam_policy_document.assume_role"
          ]
        }
      ]
    },
    {
      "mode": "managed",
      "type": "aws_iam_role",
      "name": "ssm",
      "provider": "provider[\"registry.terraform.io/hashicorp/aws\"]",
      "instances": [
        {
          "schema_version": 0,
          "attributes": {
            "arn": "arn:aws:iam::325350732332:role/ec2-ssm-access",
            "assume_role_policy": "{\"Statement\":[{\"Action\":\"sts:AssumeRole\",\"Effect\":\"Allow\",\"Principal\":{\"Service\":\"ec2.amazonaws.com\"}}],\"Version\":\"2012-10-17\"}",
            "create_date": "2024-06-07T20:27:31Z",
            "description": "",
            "force_detach_policies": false,
            "id": "ec2-ssm-access",
            "inline_policy": [],
            "managed_policy_arns": [
              "arn:aws:iam::325350732332:policy/SSMPolicy"
            ],
            "max_session_duration": 3600,
            "name": "ec2-ssm-access",
            "name_prefix": "",
            "path": "/",
            "permissions_boundary": "",
            "tags": {},
            "tags_all": {},
            "unique_id": "AROAUXQDKGIWEK3VMGUZS"
          },
          "sensitive_attributes": [],
          "private": "bnVsbA=="
        }
      ]
    },
    {
      "mode": "managed",
      "type": "aws_iam_role_policy",
      "name": "example",
      "provider": "provider[\"registry.terraform.io/hashicorp/aws\"]",
      "instances": [
        {
          "schema_version": 0,
          "attributes": {
            "id": "flow-logs-role:example",
            "name": "example",
            "name_prefix": "",
            "policy": "{\"Version\":\"2012-10-17\",\"Statement\":[{\"Action\":[\"logs:PutLogEvents\",\"logs:DescribeLogStreams\",\"logs:DescribeLogGroups\",\"logs:CreateLogStream\",\"logs:CreateLogGroup\"],\"Effect\":\"Allow\",\"Resource\":\"*\"}]}",
            "role": "flow-logs-role"
          },
          "sensitive_attributes": [],
          "private": "bnVsbA==",
          "dependencies": [
            "aws_iam_role.example",
            "data.aws_iam_policy_document.assume_role",
            "data.aws_iam_policy_document.example"
          ]
        }
      ]
    },
    {
      "mode": "managed",
      "type": "aws_instance",
      "name": "linux",
      "provider": "provider[\"registry.terraform.io/hashicorp/aws\"]",
      "instances": [
        {
          "schema_version": 1,
          "attributes": {
            "ami": "ami-04fe22dfadec6f0b6",
            "arn": "arn:aws:ec2:eu-west-1:325350732332:instance/i-046f11a9667573584",
            "associate_public_ip_address": false,
            "availability_zone": "eu-west-1a",
            "capacity_reservation_specification": [
              {
                "capacity_reservation_preference": "open",
                "capacity_reservation_target": []
              }
            ],
            "cpu_core_count": 1,
            "cpu_options": [
              {
                "amd_sev_snp": "",
                "core_count": 1,
                "threads_per_core": 1
              }
            ],
            "cpu_threads_per_core": 1,
            "credit_specification": [
              {
                "cpu_credits": "standard"
              }
            ],
            "disable_api_stop": false,
            "disable_api_termination": false,
            "ebs_block_device": [],
            "ebs_optimized": false,
            "enclave_options": [
              {
                "enabled": false
              }
            ],
            "ephemeral_block_device": [],
            "get_password_data": false,
            "hibernation": false,
            "host_id": "",
            "host_resource_group_arn": null,
            "iam_instance_profile": "SSM-Allow-ec2",
            "id": "i-046f11a9667573584",
            "instance_initiated_shutdown_behavior": "stop",
            "instance_lifecycle": "",
            "instance_market_options": [],
            "instance_state": "running",
            "instance_type": "t2.micro",
            "ipv6_address_count": 0,
            "ipv6_addresses": [],
            "key_name": "",
            "launch_template": [],
            "maintenance_options": [
              {
                "auto_recovery": "default"
              }
            ],
            "metadata_options": [
              {
                "http_endpoint": "enabled",
                "http_protocol_ipv6": "disabled",
                "http_put_response_hop_limit": 2,
                "http_tokens": "required",
                "instance_metadata_tags": "disabled"
              }
            ],
            "monitoring": false,
            "network_interface": [],
            "outpost_arn": "",
            "password_data": "",
            "placement_group": "",
            "placement_partition_number": 0,
            "primary_network_interface_id": "eni-09a5f63380034cc3c",
            "private_dns": "ip-10-0-20-55.eu-west-1.compute.internal",
            "private_dns_name_options": [
              {
                "enable_resource_name_dns_a_record": false,
                "enable_resource_name_dns_aaaa_record": false,
                "hostname_type": "ip-name"
              }
            ],
            "private_ip": "10.0.20.55",
            "public_dns": "",
            "public_ip": "",
            "root_block_device": [
              {
                "delete_on_termination": true,
                "device_name": "/dev/xvda",
                "encrypted": false,
                "iops": 3000,
                "kms_key_id": "",
                "tags": {},
                "tags_all": {},
                "throughput": 125,
                "volume_id": "vol-05b1ff840b2b8f918",
                "volume_size": 8,
                "volume_type": "gp3"
              }
            ],
            "secondary_private_ips": [],
            "security_groups": [
              "sg-0a07ebb1fd1f25537"
            ],
            "source_dest_check": true,
            "spot_instance_request_id": "",
            "subnet_id": "subnet-08489d456743a2f95",
            "tags": {
              "Name": "amzlinux"
            },
            "tags_all": {
              "Name": "amzlinux"
            },
            "tenancy": "default",
            "timeouts": null,
            "user_data": "23ad6d2b76c32ccbf1b4c8d546231476fe0384b3",
            "user_data_base64": null,
            "user_data_replace_on_change": false,
            "volume_tags": null,
            "vpc_security_group_ids": [
              "sg-0a07ebb1fd1f25537"
            ]
          },
          "sensitive_attributes": [],
          "private": "eyJlMmJmYjczMC1lY2FhLTExZTYtOGY4OC0zNDM2M2JjN2M0YzAiOnsiY3JlYXRlIjo2MDAwMDAwMDAwMDAsImRlbGV0ZSI6MTIwMDAwMDAwMDAwMCwicmVhZCI6OTAwMDAwMDAwMDAwLCJ1cGRhdGUiOjYwMDAwMDAwMDAwMH0sInNjaGVtYV92ZXJzaW9uIjoiMSJ9",
          "dependencies": [
            "aws_iam_instance_profile.ssm-allow",
            "aws_iam_role.ssm",
            "aws_security_group.imcp",
            "aws_subnet.private",
            "aws_vpc.main",
            "data.aws_availability_zones.available"
          ]
        }
      ]
    },
    {
      "mode": "managed",
      "type": "aws_instance",
      "name": "name",
      "provider": "provider[\"registry.terraform.io/hashicorp/aws\"]",
      "instances": [
        {
          "schema_version": 1,
          "attributes": {
            "ami": "ami-04fe22dfadec6f0b6",
            "arn": "arn:aws:ec2:eu-west-1:325350732332:instance/i-022962ec7d36165a3",
            "associate_public_ip_address": false,
            "availability_zone": "eu-west-1a",
            "capacity_reservation_specification": [
              {
                "capacity_reservation_preference": "open",
                "capacity_reservation_target": []
              }
            ],
            "cpu_core_count": 1,
            "cpu_options": [
              {
                "amd_sev_snp": "",
                "core_count": 1,
                "threads_per_core": 1
              }
            ],
            "cpu_threads_per_core": 1,
            "credit_specification": [
              {
                "cpu_credits": "standard"
              }
            ],
            "disable_api_stop": false,
            "disable_api_termination": false,
            "ebs_block_device": [],
            "ebs_optimized": false,
            "enclave_options": [
              {
                "enabled": false
              }
            ],
            "ephemeral_block_device": [],
            "get_password_data": false,
            "hibernation": false,
            "host_id": "",
            "host_resource_group_arn": null,
            "iam_instance_profile": "SSM-Allow-ec2",
            "id": "i-022962ec7d36165a3",
            "instance_initiated_shutdown_behavior": "stop",
            "instance_lifecycle": "",
            "instance_market_options": [],
            "instance_state": "running",
            "instance_type": "t2.micro",
            "ipv6_address_count": 0,
            "ipv6_addresses": [],
            "key_name": "",
            "launch_template": [],
            "maintenance_options": [
              {
                "auto_recovery": "default"
              }
            ],
            "metadata_options": [
              {
                "http_endpoint": "enabled",
                "http_protocol_ipv6": "disabled",
                "http_put_response_hop_limit": 2,
                "http_tokens": "required",
                "instance_metadata_tags": "disabled"
              }
            ],
            "monitoring": false,
            "network_interface": [],
            "outpost_arn": "",
            "password_data": "",
            "placement_group": "",
            "placement_partition_number": 0,
            "primary_network_interface_id": "eni-0946560feb20bbb1e",
            "private_dns": "ip-10-0-20-37.eu-west-1.compute.internal",
            "private_dns_name_options": [
              {
                "enable_resource_name_dns_a_record": false,
                "enable_resource_name_dns_aaaa_record": false,
                "hostname_type": "ip-name"
              }
            ],
            "private_ip": "10.0.20.37",
            "public_dns": "",
            "public_ip": "",
            "root_block_device": [
              {
                "delete_on_termination": true,
                "device_name": "/dev/xvda",
                "encrypted": false,
                "iops": 3000,
                "kms_key_id": "",
                "tags": {},
                "tags_all": {},
                "throughput": 125,
                "volume_id": "vol-0dc8c1f5e7a404993",
                "volume_size": 8,
                "volume_type": "gp3"
              }
            ],
            "secondary_private_ips": [],
            "security_groups": [
              "sg-0a07ebb1fd1f25537"
            ],
            "source_dest_check": true,
            "spot_instance_request_id": "",
            "subnet_id": "subnet-08489d456743a2f95",
            "tags": {
              "Name": "test_ping"
            },
            "tags_all": {
              "Name": "test_ping"
            },
            "tenancy": "default",
            "timeouts": null,
            "user_data": null,
            "user_data_base64": null,
            "user_data_replace_on_change": false,
            "volume_tags": null,
            "vpc_security_group_ids": [
              "sg-0a07ebb1fd1f25537"
            ]
          },
          "sensitive_attributes": [],
          "private": "eyJlMmJmYjczMC1lY2FhLTExZTYtOGY4OC0zNDM2M2JjN2M0YzAiOnsiY3JlYXRlIjo2MDAwMDAwMDAwMDAsImRlbGV0ZSI6MTIwMDAwMDAwMDAwMCwicmVhZCI6OTAwMDAwMDAwMDAwLCJ1cGRhdGUiOjYwMDAwMDAwMDAwMH0sInNjaGVtYV92ZXJzaW9uIjoiMSJ9",
          "dependencies": [
            "aws_iam_instance_profile.ssm-allow",
            "aws_iam_role.ssm",
            "aws_security_group.imcp",
            "aws_subnet.private",
            "aws_vpc.main",
            "data.aws_availability_zones.available"
          ]
        }
      ]
    },
    {
      "mode": "managed",
      "type": "aws_internet_gateway",
      "name": "igw",
      "provider": "provider[\"registry.terraform.io/hashicorp/aws\"]",
      "instances": [
        {
          "schema_version": 0,
          "attributes": {
            "arn": "arn:aws:ec2:eu-west-1:325350732332:internet-gateway/igw-0c71416e634a3a9bd",
            "id": "igw-0c71416e634a3a9bd",
            "owner_id": "325350732332",
            "tags": {},
            "tags_all": {},
            "timeouts": null,
            "vpc_id": "vpc-05910391a26cc1a22"
          },
          "sensitive_attributes": [],
          "private": "eyJlMmJmYjczMC1lY2FhLTExZTYtOGY4OC0zNDM2M2JjN2M0YzAiOnsiY3JlYXRlIjoxMjAwMDAwMDAwMDAwLCJkZWxldGUiOjEyMDAwMDAwMDAwMDAsInVwZGF0ZSI6MTIwMDAwMDAwMDAwMH19",
          "dependencies": [
            "aws_vpc.main"
          ]
        }
      ]
    },
    {
      "mode": "managed",
      "type": "aws_nat_gateway",
      "name": "ngw",
      "provider": "provider[\"registry.terraform.io/hashicorp/aws\"]",
      "instances": [
        {
          "schema_version": 0,
          "attributes": {
            "allocation_id": "eipalloc-0b1830706cbd5f1d5",
            "association_id": "eipassoc-08b50f3f2065207e4",
            "connectivity_type": "public",
            "id": "nat-0f48c289da8ece5c5",
            "network_interface_id": "eni-0cd60be89a01b70b8",
            "private_ip": "10.0.10.20",
            "public_ip": "63.34.168.50",
            "secondary_allocation_ids": [],
            "secondary_private_ip_address_count": 0,
            "secondary_private_ip_addresses": [],
            "subnet_id": "subnet-002745b93a1508d71",
            "tags": {
              "Name": "NAT_Gateway_Sophos"
            },
            "tags_all": {
              "Name": "NAT_Gateway_Sophos"
            },
            "timeouts": null
          },
          "sensitive_attributes": [],
          "private": "eyJlMmJmYjczMC1lY2FhLTExZTYtOGY4OC0zNDM2M2JjN2M0YzAiOnsiY3JlYXRlIjo2MDAwMDAwMDAwMDAsImRlbGV0ZSI6MTgwMDAwMDAwMDAwMCwidXBkYXRlIjo2MDAwMDAwMDAwMDB9fQ==",
          "dependencies": [
            "aws_eip.ip-ngw",
            "aws_subnet.public",
            "aws_vpc.main",
            "data.aws_availability_zones.available"
          ]
        }
      ]
    },
    {
      "mode": "managed",
      "type": "aws_route_table",
      "name": "private",
      "provider": "provider[\"registry.terraform.io/hashicorp/aws\"]",
      "instances": [
        {
          "schema_version": 0,
          "attributes": {
            "arn": "arn:aws:ec2:eu-west-1:325350732332:route-table/rtb-06188f517664862dc",
            "id": "rtb-06188f517664862dc",
            "owner_id": "325350732332",
            "propagating_vgws": [],
            "route": [
              {
                "carrier_gateway_id": "",
                "cidr_block": "0.0.0.0/0",
                "core_network_arn": "",
                "destination_prefix_list_id": "",
                "egress_only_gateway_id": "",
                "gateway_id": "",
                "ipv6_cidr_block": "",
                "local_gateway_id": "",
                "nat_gateway_id": "nat-0f48c289da8ece5c5",
                "network_interface_id": "",
                "transit_gateway_id": "",
                "vpc_endpoint_id": "",
                "vpc_peering_connection_id": ""
              },
              {
                "carrier_gateway_id": "",
                "cidr_block": "192.168.0.0/24",
                "core_network_arn": "",
                "destination_prefix_list_id": "",
                "egress_only_gateway_id": "",
                "gateway_id": "",
                "ipv6_cidr_block": "",
                "local_gateway_id": "",
                "nat_gateway_id": "nat-0f48c289da8ece5c5",
                "network_interface_id": "",
                "transit_gateway_id": "",
                "vpc_endpoint_id": "",
                "vpc_peering_connection_id": ""
              }
            ],
            "tags": {
              "Name": "develop-tf-route-table-private"
            },
            "tags_all": {
              "Name": "develop-tf-route-table-private"
            },
            "timeouts": null,
            "vpc_id": "vpc-05910391a26cc1a22"
          },
          "sensitive_attributes": [],
          "private": "eyJlMmJmYjczMC1lY2FhLTExZTYtOGY4OC0zNDM2M2JjN2M0YzAiOnsiY3JlYXRlIjozMDAwMDAwMDAwMDAsImRlbGV0ZSI6MzAwMDAwMDAwMDAwLCJ1cGRhdGUiOjEyMDAwMDAwMDAwMH19",
          "dependencies": [
            "aws_eip.ip-ngw",
            "aws_nat_gateway.ngw",
            "aws_subnet.public",
            "aws_vpc.main",
            "data.aws_availability_zones.available"
          ]
        }
      ]
    },
    {
      "mode": "managed",
      "type": "aws_route_table",
      "name": "public",
      "provider": "provider[\"registry.terraform.io/hashicorp/aws\"]",
      "instances": [
        {
          "schema_version": 0,
          "attributes": {
            "arn": "arn:aws:ec2:eu-west-1:325350732332:route-table/rtb-0f75c5aac953003f7",
            "id": "rtb-0f75c5aac953003f7",
            "owner_id": "325350732332",
            "propagating_vgws": [],
            "route": [
              {
                "carrier_gateway_id": "",
                "cidr_block": "0.0.0.0/0",
                "core_network_arn": "",
                "destination_prefix_list_id": "",
                "egress_only_gateway_id": "",
                "gateway_id": "igw-0c71416e634a3a9bd",
                "ipv6_cidr_block": "",
                "local_gateway_id": "",
                "nat_gateway_id": "",
                "network_interface_id": "",
                "transit_gateway_id": "",
                "vpc_endpoint_id": "",
                "vpc_peering_connection_id": ""
              },
              {
                "carrier_gateway_id": "",
                "cidr_block": "192.168.0.0/24",
                "core_network_arn": "",
                "destination_prefix_list_id": "",
                "egress_only_gateway_id": "",
                "gateway_id": "tgw-010f3df7db7661f29",
                "ipv6_cidr_block": "",
                "local_gateway_id": "",
                "nat_gateway_id": "",
                "network_interface_id": "",
                "transit_gateway_id": "",
                "vpc_endpoint_id": "",
                "vpc_peering_connection_id": ""
              }
            ],
            "tags": {
              "Name": "develop-tf-route-table-public"
            },
            "tags_all": {
              "Name": "develop-tf-route-table-public"
            },
            "timeouts": null,
            "vpc_id": "vpc-05910391a26cc1a22"
          },
          "sensitive_attributes": [],
          "private": "eyJlMmJmYjczMC1lY2FhLTExZTYtOGY4OC0zNDM2M2JjN2M0YzAiOnsiY3JlYXRlIjozMDAwMDAwMDAwMDAsImRlbGV0ZSI6MzAwMDAwMDAwMDAwLCJ1cGRhdGUiOjEyMDAwMDAwMDAwMH19",
          "dependencies": [
            "aws_ec2_transit_gateway.main",
            "aws_internet_gateway.igw",
            "aws_vpc.main"
          ]
        }
      ]
    },
    {
      "mode": "managed",
      "type": "aws_route_table_association",
      "name": "private",
      "provider": "provider[\"registry.terraform.io/hashicorp/aws\"]",
      "instances": [
        {
          "index_key": 0,
          "schema_version": 0,
          "attributes": {
            "gateway_id": "",
            "id": "rtbassoc-04fb8cb62133b3921",
            "route_table_id": "rtb-06188f517664862dc",
            "subnet_id": "subnet-08489d456743a2f95",
            "timeouts": null
          },
          "sensitive_attributes": [],
          "private": "eyJlMmJmYjczMC1lY2FhLTExZTYtOGY4OC0zNDM2M2JjN2M0YzAiOnsiY3JlYXRlIjozMDAwMDAwMDAwMDAsImRlbGV0ZSI6MzAwMDAwMDAwMDAwLCJ1cGRhdGUiOjEyMDAwMDAwMDAwMH19",
          "dependencies": [
            "aws_eip.ip-ngw",
            "aws_nat_gateway.ngw",
            "aws_route_table.private",
            "aws_subnet.private",
            "aws_subnet.public",
            "aws_vpc.main",
            "data.aws_availability_zones.available"
          ]
        },
        {
          "index_key": 1,
          "schema_version": 0,
          "attributes": {
            "gateway_id": "",
            "id": "rtbassoc-0659613586789e335",
            "route_table_id": "rtb-06188f517664862dc",
            "subnet_id": "subnet-0748a5286ee88b798",
            "timeouts": null
          },
          "sensitive_attributes": [],
          "private": "eyJlMmJmYjczMC1lY2FhLTExZTYtOGY4OC0zNDM2M2JjN2M0YzAiOnsiY3JlYXRlIjozMDAwMDAwMDAwMDAsImRlbGV0ZSI6MzAwMDAwMDAwMDAwLCJ1cGRhdGUiOjEyMDAwMDAwMDAwMH19",
          "dependencies": [
            "aws_eip.ip-ngw",
            "aws_nat_gateway.ngw",
            "aws_route_table.private",
            "aws_subnet.private",
            "aws_subnet.public",
            "aws_vpc.main",
            "data.aws_availability_zones.available"
          ]
        },
        {
          "index_key": 2,
          "schema_version": 0,
          "attributes": {
            "gateway_id": "",
            "id": "rtbassoc-03dab676bb15d3f84",
            "route_table_id": "rtb-06188f517664862dc",
            "subnet_id": "subnet-0db979eb5026375fe",
            "timeouts": null
          },
          "sensitive_attributes": [],
          "private": "eyJlMmJmYjczMC1lY2FhLTExZTYtOGY4OC0zNDM2M2JjN2M0YzAiOnsiY3JlYXRlIjozMDAwMDAwMDAwMDAsImRlbGV0ZSI6MzAwMDAwMDAwMDAwLCJ1cGRhdGUiOjEyMDAwMDAwMDAwMH19",
          "dependencies": [
            "aws_eip.ip-ngw",
            "aws_nat_gateway.ngw",
            "aws_route_table.private",
            "aws_subnet.private",
            "aws_subnet.public",
            "aws_vpc.main",
            "data.aws_availability_zones.available"
          ]
        }
      ]
    },
    {
      "mode": "managed",
      "type": "aws_route_table_association",
      "name": "public",
      "provider": "provider[\"registry.terraform.io/hashicorp/aws\"]",
      "instances": [
        {
          "index_key": 0,
          "schema_version": 0,
          "attributes": {
            "gateway_id": "",
            "id": "rtbassoc-094693943fd398fb6",
            "route_table_id": "rtb-0f75c5aac953003f7",
            "subnet_id": "subnet-002745b93a1508d71",
            "timeouts": null
          },
          "sensitive_attributes": [],
          "private": "eyJlMmJmYjczMC1lY2FhLTExZTYtOGY4OC0zNDM2M2JjN2M0YzAiOnsiY3JlYXRlIjozMDAwMDAwMDAwMDAsImRlbGV0ZSI6MzAwMDAwMDAwMDAwLCJ1cGRhdGUiOjEyMDAwMDAwMDAwMH19",
          "dependencies": [
            "aws_ec2_transit_gateway.main",
            "aws_internet_gateway.igw",
            "aws_route_table.public",
            "aws_subnet.public",
            "aws_vpc.main",
            "data.aws_availability_zones.available"
          ]
        },
        {
          "index_key": 1,
          "schema_version": 0,
          "attributes": {
            "gateway_id": "",
            "id": "rtbassoc-086d91580122daf3a",
            "route_table_id": "rtb-0f75c5aac953003f7",
            "subnet_id": "subnet-0b810e92b65e1c65e",
            "timeouts": null
          },
          "sensitive_attributes": [],
          "private": "eyJlMmJmYjczMC1lY2FhLTExZTYtOGY4OC0zNDM2M2JjN2M0YzAiOnsiY3JlYXRlIjozMDAwMDAwMDAwMDAsImRlbGV0ZSI6MzAwMDAwMDAwMDAwLCJ1cGRhdGUiOjEyMDAwMDAwMDAwMH19",
          "dependencies": [
            "aws_ec2_transit_gateway.main",
            "aws_internet_gateway.igw",
            "aws_route_table.public",
            "aws_subnet.public",
            "aws_vpc.main",
            "data.aws_availability_zones.available"
          ]
        },
        {
          "index_key": 2,
          "schema_version": 0,
          "attributes": {
            "gateway_id": "",
            "id": "rtbassoc-0891d19eea86410be",
            "route_table_id": "rtb-0f75c5aac953003f7",
            "subnet_id": "subnet-0dacb9f29e9d51958",
            "timeouts": null
          },
          "sensitive_attributes": [],
          "private": "eyJlMmJmYjczMC1lY2FhLTExZTYtOGY4OC0zNDM2M2JjN2M0YzAiOnsiY3JlYXRlIjozMDAwMDAwMDAwMDAsImRlbGV0ZSI6MzAwMDAwMDAwMDAwLCJ1cGRhdGUiOjEyMDAwMDAwMDAwMH19",
          "dependencies": [
            "aws_ec2_transit_gateway.main",
            "aws_internet_gateway.igw",
            "aws_route_table.public",
            "aws_subnet.public",
            "aws_vpc.main",
            "data.aws_availability_zones.available"
          ]
        }
      ]
    },
    {
      "mode": "managed",
      "type": "aws_security_group",
      "name": "imcp",
      "provider": "provider[\"registry.terraform.io/hashicorp/aws\"]",
      "instances": [
        {
          "schema_version": 1,
          "attributes": {
            "arn": "arn:aws:ec2:eu-west-1:325350732332:security-group/sg-0a07ebb1fd1f25537",
            "description": "Allow ICMP",
            "egress": [
              {
                "cidr_blocks": [
                  "0.0.0.0/0"
                ],
                "description": "",
                "from_port": 0,
                "ipv6_cidr_blocks": [],
                "prefix_list_ids": [],
                "protocol": "-1",
                "security_groups": [],
                "self": false,
                "to_port": 0
              }
            ],
            "id": "sg-0a07ebb1fd1f25537",
            "ingress": [
              {
                "cidr_blocks": [
                  "0.0.0.0/0"
                ],
                "description": "",
                "from_port": -1,
                "ipv6_cidr_blocks": [],
                "prefix_list_ids": [],
                "protocol": "icmp",
                "security_groups": [],
                "self": false,
                "to_port": -1
              },
              {
                "cidr_blocks": [
                  "192.168.0.0/24"
                ],
                "description": "",
                "from_port": 80,
                "ipv6_cidr_blocks": [],
                "prefix_list_ids": [],
                "protocol": "tcp",
                "security_groups": [],
                "self": false,
                "to_port": 80
              }
            ],
            "name": "icmp-from-all",
            "name_prefix": "",
            "owner_id": "325350732332",
            "revoke_rules_on_delete": false,
            "tags": {},
            "tags_all": {},
            "timeouts": null,
            "vpc_id": "vpc-05910391a26cc1a22"
          },
          "sensitive_attributes": [],
          "private": "eyJlMmJmYjczMC1lY2FhLTExZTYtOGY4OC0zNDM2M2JjN2M0YzAiOnsiY3JlYXRlIjo2MDAwMDAwMDAwMDAsImRlbGV0ZSI6OTAwMDAwMDAwMDAwfSwic2NoZW1hX3ZlcnNpb24iOiIxIn0=",
          "dependencies": [
            "aws_vpc.main"
          ]
        }
      ]
    },
    {
      "mode": "managed",
      "type": "aws_subnet",
      "name": "private",
      "provider": "provider[\"registry.terraform.io/hashicorp/aws\"]",
      "instances": [
        {
          "index_key": 0,
          "schema_version": 1,
          "attributes": {
            "arn": "arn:aws:ec2:eu-west-1:325350732332:subnet/subnet-08489d456743a2f95",
            "assign_ipv6_address_on_creation": false,
            "availability_zone": "eu-west-1a",
            "availability_zone_id": "euw1-az3",
            "cidr_block": "10.0.20.0/24",
            "customer_owned_ipv4_pool": "",
            "enable_dns64": false,
            "enable_lni_at_device_index": 0,
            "enable_resource_name_dns_a_record_on_launch": false,
            "enable_resource_name_dns_aaaa_record_on_launch": false,
            "id": "subnet-08489d456743a2f95",
            "ipv6_cidr_block": "",
            "ipv6_cidr_block_association_id": "",
            "ipv6_native": false,
            "map_customer_owned_ip_on_launch": false,
            "map_public_ip_on_launch": false,
            "outpost_arn": "",
            "owner_id": "325350732332",
            "private_dns_hostname_type_on_launch": "ip-name",
            "tags": {
              "Name": "develop-tf-subnet-private-0"
            },
            "tags_all": {
              "Name": "develop-tf-subnet-private-0"
            },
            "timeouts": null,
            "vpc_id": "vpc-05910391a26cc1a22"
          },
          "sensitive_attributes": [],
          "private": "eyJlMmJmYjczMC1lY2FhLTExZTYtOGY4OC0zNDM2M2JjN2M0YzAiOnsiY3JlYXRlIjo2MDAwMDAwMDAwMDAsImRlbGV0ZSI6MTIwMDAwMDAwMDAwMH0sInNjaGVtYV92ZXJzaW9uIjoiMSJ9",
          "dependencies": [
            "aws_vpc.main",
            "data.aws_availability_zones.available"
          ]
        },
        {
          "index_key": 1,
          "schema_version": 1,
          "attributes": {
            "arn": "arn:aws:ec2:eu-west-1:325350732332:subnet/subnet-0748a5286ee88b798",
            "assign_ipv6_address_on_creation": false,
            "availability_zone": "eu-west-1b",
            "availability_zone_id": "euw1-az1",
            "cidr_block": "10.0.21.0/24",
            "customer_owned_ipv4_pool": "",
            "enable_dns64": false,
            "enable_lni_at_device_index": 0,
            "enable_resource_name_dns_a_record_on_launch": false,
            "enable_resource_name_dns_aaaa_record_on_launch": false,
            "id": "subnet-0748a5286ee88b798",
            "ipv6_cidr_block": "",
            "ipv6_cidr_block_association_id": "",
            "ipv6_native": false,
            "map_customer_owned_ip_on_launch": false,
            "map_public_ip_on_launch": false,
            "outpost_arn": "",
            "owner_id": "325350732332",
            "private_dns_hostname_type_on_launch": "ip-name",
            "tags": {
              "Name": "develop-tf-subnet-private-1"
            },
            "tags_all": {
              "Name": "develop-tf-subnet-private-1"
            },
            "timeouts": null,
            "vpc_id": "vpc-05910391a26cc1a22"
          },
          "sensitive_attributes": [],
          "private": "eyJlMmJmYjczMC1lY2FhLTExZTYtOGY4OC0zNDM2M2JjN2M0YzAiOnsiY3JlYXRlIjo2MDAwMDAwMDAwMDAsImRlbGV0ZSI6MTIwMDAwMDAwMDAwMH0sInNjaGVtYV92ZXJzaW9uIjoiMSJ9",
          "dependencies": [
            "aws_vpc.main",
            "data.aws_availability_zones.available"
          ]
        },
        {
          "index_key": 2,
          "schema_version": 1,
          "attributes": {
            "arn": "arn:aws:ec2:eu-west-1:325350732332:subnet/subnet-0db979eb5026375fe",
            "assign_ipv6_address_on_creation": false,
            "availability_zone": "eu-west-1c",
            "availability_zone_id": "euw1-az2",
            "cidr_block": "10.0.22.0/24",
            "customer_owned_ipv4_pool": "",
            "enable_dns64": false,
            "enable_lni_at_device_index": 0,
            "enable_resource_name_dns_a_record_on_launch": false,
            "enable_resource_name_dns_aaaa_record_on_launch": false,
            "id": "subnet-0db979eb5026375fe",
            "ipv6_cidr_block": "",
            "ipv6_cidr_block_association_id": "",
            "ipv6_native": false,
            "map_customer_owned_ip_on_launch": false,
            "map_public_ip_on_launch": false,
            "outpost_arn": "",
            "owner_id": "325350732332",
            "private_dns_hostname_type_on_launch": "ip-name",
            "tags": {
              "Name": "develop-tf-subnet-private-2"
            },
            "tags_all": {
              "Name": "develop-tf-subnet-private-2"
            },
            "timeouts": null,
            "vpc_id": "vpc-05910391a26cc1a22"
          },
          "sensitive_attributes": [],
          "private": "eyJlMmJmYjczMC1lY2FhLTExZTYtOGY4OC0zNDM2M2JjN2M0YzAiOnsiY3JlYXRlIjo2MDAwMDAwMDAwMDAsImRlbGV0ZSI6MTIwMDAwMDAwMDAwMH0sInNjaGVtYV92ZXJzaW9uIjoiMSJ9",
          "dependencies": [
            "aws_vpc.main",
            "data.aws_availability_zones.available"
          ]
        }
      ]
    },
    {
      "mode": "managed",
      "type": "aws_subnet",
      "name": "public",
      "provider": "provider[\"registry.terraform.io/hashicorp/aws\"]",
      "instances": [
        {
          "index_key": 0,
          "schema_version": 1,
          "attributes": {
            "arn": "arn:aws:ec2:eu-west-1:325350732332:subnet/subnet-002745b93a1508d71",
            "assign_ipv6_address_on_creation": false,
            "availability_zone": "eu-west-1a",
            "availability_zone_id": "euw1-az3",
            "cidr_block": "10.0.10.0/24",
            "customer_owned_ipv4_pool": "",
            "enable_dns64": false,
            "enable_lni_at_device_index": 0,
            "enable_resource_name_dns_a_record_on_launch": false,
            "enable_resource_name_dns_aaaa_record_on_launch": false,
            "id": "subnet-002745b93a1508d71",
            "ipv6_cidr_block": "",
            "ipv6_cidr_block_association_id": "",
            "ipv6_native": false,
            "map_customer_owned_ip_on_launch": false,
            "map_public_ip_on_launch": false,
            "outpost_arn": "",
            "owner_id": "325350732332",
            "private_dns_hostname_type_on_launch": "ip-name",
            "tags": {
              "Name": "develop-tf-subnet-public-0"
            },
            "tags_all": {
              "Name": "develop-tf-subnet-public-0"
            },
            "timeouts": null,
            "vpc_id": "vpc-05910391a26cc1a22"
          },
          "sensitive_attributes": [],
          "private": "eyJlMmJmYjczMC1lY2FhLTExZTYtOGY4OC0zNDM2M2JjN2M0YzAiOnsiY3JlYXRlIjo2MDAwMDAwMDAwMDAsImRlbGV0ZSI6MTIwMDAwMDAwMDAwMH0sInNjaGVtYV92ZXJzaW9uIjoiMSJ9",
          "dependencies": [
            "aws_vpc.main",
            "data.aws_availability_zones.available"
          ]
        },
        {
          "index_key": 1,
          "schema_version": 1,
          "attributes": {
            "arn": "arn:aws:ec2:eu-west-1:325350732332:subnet/subnet-0b810e92b65e1c65e",
            "assign_ipv6_address_on_creation": false,
            "availability_zone": "eu-west-1b",
            "availability_zone_id": "euw1-az1",
            "cidr_block": "10.0.11.0/24",
            "customer_owned_ipv4_pool": "",
            "enable_dns64": false,
            "enable_lni_at_device_index": 0,
            "enable_resource_name_dns_a_record_on_launch": false,
            "enable_resource_name_dns_aaaa_record_on_launch": false,
            "id": "subnet-0b810e92b65e1c65e",
            "ipv6_cidr_block": "",
            "ipv6_cidr_block_association_id": "",
            "ipv6_native": false,
            "map_customer_owned_ip_on_launch": false,
            "map_public_ip_on_launch": false,
            "outpost_arn": "",
            "owner_id": "325350732332",
            "private_dns_hostname_type_on_launch": "ip-name",
            "tags": {
              "Name": "develop-tf-subnet-public-1"
            },
            "tags_all": {
              "Name": "develop-tf-subnet-public-1"
            },
            "timeouts": null,
            "vpc_id": "vpc-05910391a26cc1a22"
          },
          "sensitive_attributes": [],
          "private": "eyJlMmJmYjczMC1lY2FhLTExZTYtOGY4OC0zNDM2M2JjN2M0YzAiOnsiY3JlYXRlIjo2MDAwMDAwMDAwMDAsImRlbGV0ZSI6MTIwMDAwMDAwMDAwMH0sInNjaGVtYV92ZXJzaW9uIjoiMSJ9",
          "dependencies": [
            "aws_vpc.main",
            "data.aws_availability_zones.available"
          ]
        },
        {
          "index_key": 2,
          "schema_version": 1,
          "attributes": {
            "arn": "arn:aws:ec2:eu-west-1:325350732332:subnet/subnet-0dacb9f29e9d51958",
            "assign_ipv6_address_on_creation": false,
            "availability_zone": "eu-west-1c",
            "availability_zone_id": "euw1-az2",
            "cidr_block": "10.0.12.0/24",
            "customer_owned_ipv4_pool": "",
            "enable_dns64": false,
            "enable_lni_at_device_index": 0,
            "enable_resource_name_dns_a_record_on_launch": false,
            "enable_resource_name_dns_aaaa_record_on_launch": false,
            "id": "subnet-0dacb9f29e9d51958",
            "ipv6_cidr_block": "",
            "ipv6_cidr_block_association_id": "",
            "ipv6_native": false,
            "map_customer_owned_ip_on_launch": false,
            "map_public_ip_on_launch": false,
            "outpost_arn": "",
            "owner_id": "325350732332",
            "private_dns_hostname_type_on_launch": "ip-name",
            "tags": {
              "Name": "develop-tf-subnet-public-2"
            },
            "tags_all": {
              "Name": "develop-tf-subnet-public-2"
            },
            "timeouts": null,
            "vpc_id": "vpc-05910391a26cc1a22"
          },
          "sensitive_attributes": [],
          "private": "eyJlMmJmYjczMC1lY2FhLTExZTYtOGY4OC0zNDM2M2JjN2M0YzAiOnsiY3JlYXRlIjo2MDAwMDAwMDAwMDAsImRlbGV0ZSI6MTIwMDAwMDAwMDAwMH0sInNjaGVtYV92ZXJzaW9uIjoiMSJ9",
          "dependencies": [
            "aws_vpc.main",
            "data.aws_availability_zones.available"
          ]
        }
      ]
    },
    {
      "mode": "managed",
      "type": "aws_vpc",
      "name": "main",
      "provider": "provider[\"registry.terraform.io/hashicorp/aws\"]",
      "instances": [
        {
          "schema_version": 1,
          "attributes": {
            "arn": "arn:aws:ec2:eu-west-1:325350732332:vpc/vpc-05910391a26cc1a22",
            "assign_generated_ipv6_cidr_block": false,
            "cidr_block": "10.0.0.0/16",
            "default_network_acl_id": "acl-0c03fde9490c66ce8",
            "default_route_table_id": "rtb-093df46856cebc3cd",
            "default_security_group_id": "sg-08c56d5ba6339d6af",
            "dhcp_options_id": "dopt-0a507622b4bd3bd76",
            "enable_dns_hostnames": false,
            "enable_dns_support": true,
            "enable_network_address_usage_metrics": false,
            "id": "vpc-05910391a26cc1a22",
            "instance_tenancy": "default",
            "ipv4_ipam_pool_id": null,
            "ipv4_netmask_length": null,
            "ipv6_association_id": "",
            "ipv6_cidr_block": "",
            "ipv6_cidr_block_network_border_group": "",
            "ipv6_ipam_pool_id": "",
            "ipv6_netmask_length": 0,
            "main_route_table_id": "rtb-093df46856cebc3cd",
            "owner_id": "325350732332",
            "tags": {
              "Name": "VPC_Sophos"
            },
            "tags_all": {
              "Name": "VPC_Sophos"
            }
          },
          "sensitive_attributes": [],
          "private": "eyJzY2hlbWFfdmVyc2lvbiI6IjEifQ=="
        }
      ]
    },
    {
      "mode": "managed",
      "type": "aws_vpn_connection",
      "name": "vpn",
      "provider": "provider[\"registry.terraform.io/hashicorp/aws\"]",
      "instances": [
        {
          "schema_version": 0,
          "attributes": {
            "arn": "arn:aws:ec2:eu-west-1:325350732332:vpn-connection/vpn-0c613220b9bdb217b",
            "core_network_arn": "",
            "core_network_attachment_arn": "",
            "customer_gateway_configuration": "\u003c?xml version=\"1.0\" encoding=\"UTF-8\"?\u003e\n\u003cvpn_connection id=\"vpn-0c613220b9bdb217b\"\u003e\n  \u003ccustomer_gateway_id\u003ecgw-08427af66460c7c0e\u003c/customer_gateway_id\u003e\n  \u003cvpn_gateway_id\u003e\u003c/vpn_gateway_id\u003e\n  \u003cvpn_connection_type\u003eipsec.1\u003c/vpn_connection_type\u003e\n  \u003cipsec_tunnel\u003e\n    \u003ccustomer_gateway\u003e\n      \u003ctunnel_outside_address\u003e\n        \u003cip_address\u003e82.66.170.70\u003c/ip_address\u003e\n      \u003c/tunnel_outside_address\u003e\n      \u003ctunnel_inside_address\u003e\n        \u003cip_address\u003e169.254.11.174\u003c/ip_address\u003e\n        \u003cnetwork_mask\u003e255.255.255.252\u003c/network_mask\u003e\n        \u003cnetwork_cidr\u003e30\u003c/network_cidr\u003e\n      \u003c/tunnel_inside_address\u003e\n      \u003cbgp\u003e\n        \u003casn\u003e65001\u003c/asn\u003e\n        \u003chold_time\u003e30\u003c/hold_time\u003e\n      \u003c/bgp\u003e\n    \u003c/customer_gateway\u003e\n    \u003cvpn_gateway\u003e\n      \u003ctunnel_outside_address\u003e\n        \u003cip_address\u003e54.73.153.176\u003c/ip_address\u003e\n      \u003c/tunnel_outside_address\u003e\n      \u003ctunnel_inside_address\u003e\n        \u003cip_address\u003e169.254.11.173\u003c/ip_address\u003e\n        \u003cnetwork_mask\u003e255.255.255.252\u003c/network_mask\u003e\n        \u003cnetwork_cidr\u003e30\u003c/network_cidr\u003e\n      \u003c/tunnel_inside_address\u003e\n      \u003cbgp\u003e\n        \u003casn\u003e64512\u003c/asn\u003e\n        \u003chold_time\u003e30\u003c/hold_time\u003e\n      \u003c/bgp\u003e\n    \u003c/vpn_gateway\u003e\n    \u003cike\u003e\n      \u003cauthentication_protocol\u003esha1\u003c/authentication_protocol\u003e\n      \u003cencryption_protocol\u003eaes-128-cbc\u003c/encryption_protocol\u003e\n      \u003clifetime\u003e28800\u003c/lifetime\u003e\n      \u003cperfect_forward_secrecy\u003egroup2\u003c/perfect_forward_secrecy\u003e\n      \u003cmode\u003emain\u003c/mode\u003e\n      \u003cpre_shared_key\u003ejGh_gcKh8Qs6uadtoJmuWDsa7okiEXd1\u003c/pre_shared_key\u003e\n    \u003c/ike\u003e\n    \u003cipsec\u003e\n      \u003cprotocol\u003eesp\u003c/protocol\u003e\n      \u003cauthentication_protocol\u003ehmac-sha1-96\u003c/authentication_protocol\u003e\n      \u003cencryption_protocol\u003eaes-128-cbc\u003c/encryption_protocol\u003e\n      \u003clifetime\u003e3600\u003c/lifetime\u003e\n      \u003cperfect_forward_secrecy\u003egroup2\u003c/perfect_forward_secrecy\u003e\n      \u003cmode\u003etunnel\u003c/mode\u003e\n      \u003cclear_df_bit\u003etrue\u003c/clear_df_bit\u003e\n      \u003cfragmentation_before_encryption\u003etrue\u003c/fragmentation_before_encryption\u003e\n      \u003ctcp_mss_adjustment\u003e1379\u003c/tcp_mss_adjustment\u003e\n      \u003cdead_peer_detection\u003e\n        \u003cinterval\u003e10\u003c/interval\u003e\n        \u003cretries\u003e3\u003c/retries\u003e\n      \u003c/dead_peer_detection\u003e\n    \u003c/ipsec\u003e\n  \u003c/ipsec_tunnel\u003e\n  \u003cipsec_tunnel\u003e\n    \u003ccustomer_gateway\u003e\n      \u003ctunnel_outside_address\u003e\n        \u003cip_address\u003e82.66.170.70\u003c/ip_address\u003e\n      \u003c/tunnel_outside_address\u003e\n      \u003ctunnel_inside_address\u003e\n        \u003cip_address\u003e169.254.238.90\u003c/ip_address\u003e\n        \u003cnetwork_mask\u003e255.255.255.252\u003c/network_mask\u003e\n        \u003cnetwork_cidr\u003e30\u003c/network_cidr\u003e\n      \u003c/tunnel_inside_address\u003e\n      \u003cbgp\u003e\n        \u003casn\u003e65001\u003c/asn\u003e\n        \u003chold_time\u003e30\u003c/hold_time\u003e\n      \u003c/bgp\u003e\n    \u003c/customer_gateway\u003e\n    \u003cvpn_gateway\u003e\n      \u003ctunnel_outside_address\u003e\n        \u003cip_address\u003e99.80.39.19\u003c/ip_address\u003e\n      \u003c/tunnel_outside_address\u003e\n      \u003ctunnel_inside_address\u003e\n        \u003cip_address\u003e169.254.238.89\u003c/ip_address\u003e\n        \u003cnetwork_mask\u003e255.255.255.252\u003c/network_mask\u003e\n        \u003cnetwork_cidr\u003e30\u003c/network_cidr\u003e\n      \u003c/tunnel_inside_address\u003e\n      \u003cbgp\u003e\n        \u003casn\u003e64512\u003c/asn\u003e\n        \u003chold_time\u003e30\u003c/hold_time\u003e\n      \u003c/bgp\u003e\n    \u003c/vpn_gateway\u003e\n    \u003cike\u003e\n      \u003cauthentication_protocol\u003esha1\u003c/authentication_protocol\u003e\n      \u003cencryption_protocol\u003eaes-128-cbc\u003c/encryption_protocol\u003e\n      \u003clifetime\u003e28800\u003c/lifetime\u003e\n      \u003cperfect_forward_secrecy\u003egroup2\u003c/perfect_forward_secrecy\u003e\n      \u003cmode\u003emain\u003c/mode\u003e\n      \u003cpre_shared_key\u003eTkH6CGLkCiSUMJi3MvJFe4qP4IKtOTEY\u003c/pre_shared_key\u003e\n    \u003c/ike\u003e\n    \u003cipsec\u003e\n      \u003cprotocol\u003eesp\u003c/protocol\u003e\n      \u003cauthentication_protocol\u003ehmac-sha1-96\u003c/authentication_protocol\u003e\n      \u003cencryption_protocol\u003eaes-128-cbc\u003c/encryption_protocol\u003e\n      \u003clifetime\u003e3600\u003c/lifetime\u003e\n      \u003cperfect_forward_secrecy\u003egroup2\u003c/perfect_forward_secrecy\u003e\n      \u003cmode\u003etunnel\u003c/mode\u003e\n      \u003cclear_df_bit\u003etrue\u003c/clear_df_bit\u003e\n      \u003cfragmentation_before_encryption\u003etrue\u003c/fragmentation_before_encryption\u003e\n      \u003ctcp_mss_adjustment\u003e1379\u003c/tcp_mss_adjustment\u003e\n      \u003cdead_peer_detection\u003e\n        \u003cinterval\u003e10\u003c/interval\u003e\n        \u003cretries\u003e3\u003c/retries\u003e\n      \u003c/dead_peer_detection\u003e\n    \u003c/ipsec\u003e\n  \u003c/ipsec_tunnel\u003e\n\u003c/vpn_connection\u003e\n",
            "customer_gateway_id": "cgw-08427af66460c7c0e",
            "enable_acceleration": false,
            "id": "vpn-0c613220b9bdb217b",
            "local_ipv4_network_cidr": "0.0.0.0/0",
            "local_ipv6_network_cidr": "",
            "outside_ip_address_type": "PublicIpv4",
            "remote_ipv4_network_cidr": "0.0.0.0/0",
            "remote_ipv6_network_cidr": "",
            "routes": [],
            "static_routes_only": false,
            "tags": {
              "Name": "Site_a_Site_Sophos"
            },
            "tags_all": {
              "Name": "Site_a_Site_Sophos"
            },
            "transit_gateway_attachment_id": "tgw-attach-01bc3e3a81ddf4f19",
            "transit_gateway_id": "tgw-010f3df7db7661f29",
            "transport_transit_gateway_attachment_id": "",
            "tunnel1_address": "54.73.153.176",
            "tunnel1_bgp_asn": "64512",
            "tunnel1_bgp_holdtime": 30,
            "tunnel1_cgw_inside_address": "169.254.11.174",
            "tunnel1_dpd_timeout_action": "",
            "tunnel1_dpd_timeout_seconds": 0,
            "tunnel1_enable_tunnel_lifecycle_control": false,
            "tunnel1_ike_versions": [],
            "tunnel1_inside_cidr": "169.254.11.172/30",
            "tunnel1_inside_ipv6_cidr": "",
            "tunnel1_log_options": [
              {
                "cloudwatch_log_options": [
                  {
                    "log_enabled": false,
                    "log_group_arn": "",
                    "log_output_format": ""
                  }
                ]
              }
            ],
            "tunnel1_phase1_dh_group_numbers": [],
            "tunnel1_phase1_encryption_algorithms": [],
            "tunnel1_phase1_integrity_algorithms": [],
            "tunnel1_phase1_lifetime_seconds": 0,
            "tunnel1_phase2_dh_group_numbers": [],
            "tunnel1_phase2_encryption_algorithms": [],
            "tunnel1_phase2_integrity_algorithms": [],
            "tunnel1_phase2_lifetime_seconds": 0,
            "tunnel1_preshared_key": "jGh_gcKh8Qs6uadtoJmuWDsa7okiEXd1",
            "tunnel1_rekey_fuzz_percentage": 0,
            "tunnel1_rekey_margin_time_seconds": 0,
            "tunnel1_replay_window_size": 0,
            "tunnel1_startup_action": "",
            "tunnel1_vgw_inside_address": "169.254.11.173",
            "tunnel2_address": "99.80.39.19",
            "tunnel2_bgp_asn": "64512",
            "tunnel2_bgp_holdtime": 30,
            "tunnel2_cgw_inside_address": "169.254.238.90",
            "tunnel2_dpd_timeout_action": "",
            "tunnel2_dpd_timeout_seconds": 0,
            "tunnel2_enable_tunnel_lifecycle_control": false,
            "tunnel2_ike_versions": [],
            "tunnel2_inside_cidr": "169.254.238.88/30",
            "tunnel2_inside_ipv6_cidr": "",
            "tunnel2_log_options": [
              {
                "cloudwatch_log_options": [
                  {
                    "log_enabled": false,
                    "log_group_arn": "",
                    "log_output_format": ""
                  }
                ]
              }
            ],
            "tunnel2_phase1_dh_group_numbers": [],
            "tunnel2_phase1_encryption_algorithms": [],
            "tunnel2_phase1_integrity_algorithms": [],
            "tunnel2_phase1_lifetime_seconds": 0,
            "tunnel2_phase2_dh_group_numbers": [],
            "tunnel2_phase2_encryption_algorithms": [],
            "tunnel2_phase2_integrity_algorithms": [],
            "tunnel2_phase2_lifetime_seconds": 0,
            "tunnel2_preshared_key": "TkH6CGLkCiSUMJi3MvJFe4qP4IKtOTEY",
            "tunnel2_rekey_fuzz_percentage": 0,
            "tunnel2_rekey_margin_time_seconds": 0,
            "tunnel2_replay_window_size": 0,
            "tunnel2_startup_action": "",
            "tunnel2_vgw_inside_address": "169.254.238.89",
            "tunnel_inside_ip_version": "ipv4",
            "type": "ipsec.1",
            "vgw_telemetry": [
              {
                "accepted_route_count": 0,
                "certificate_arn": "",
                "last_status_change": "2024-06-07T20:31:07Z",
                "outside_ip_address": "54.73.153.176",
                "status": "DOWN",
                "status_message": "IPSEC IS DOWN"
              },
              {
                "accepted_route_count": 0,
                "certificate_arn": "",
                "last_status_change": "2024-06-07T20:31:07Z",
                "outside_ip_address": "99.80.39.19",
                "status": "DOWN",
                "status_message": "IPSEC IS DOWN"
              }
            ],
            "vpn_gateway_id": ""
          },
          "sensitive_attributes": [],
          "private": "bnVsbA==",
          "dependencies": [
            "aws_customer_gateway.sophos",
            "aws_ec2_transit_gateway.main"
          ]
        }
      ]
    }
  ],
  "check_results": null
}
